
Microsoft Visual Studio Solution File, Format Version 12.00
# Visual Studio 2015
Project("{FAE04EC0-301F-11D3-BF4B-00C04F79EFBC}") = "GGJ2016KIT.CSharp", "GGJ2016KIT.CSharp.csproj", "{0CBCF402-E2E4-D3FD-189F-96C6FE42F839}"
EndProject
Global
	GlobalSection(SolutionConfigurationPlatforms) = preSolution
		Debug|Any CPU = Debug|Any CPU
		Release|Any CPU = Release|Any CPU
	EndGlobalSection
	GlobalSection(ProjectConfigurationPlatforms) = postSolution
		{0CBCF402-E2E4-D3FD-189F-96C6FE42F839}.Debug|Any CPU.ActiveCfg = Debug|Any CPU
		{0CBCF402-E2E4-D3FD-189F-96C6FE42F839}.Debug|Any CPU.Build.0 = Debug|Any CPU
		{0CBCF402-E2E4-D3FD-189F-96C6FE42F839}.Release|Any CPU.ActiveCfg = Release|Any CPU
		{0CBCF402-E2E4-D3FD-189F-96C6FE42F839}.Release|Any CPU.Build.0 = Release|Any CPU
	EndGlobalSection
	GlobalSection(SolutionProperties) = preSolution
		HideSolutionNode = FALSE
	EndGlobalSection
EndGlobal
